
Microsoft Visual Studio Solution File, Format Version 12.00
# Visual Studio Version 17
VisualStudioVersion = 17.9.34607.119
MinimumVisualStudioVersion = 10.0.40219.1
Project("{9A19103F-16F7-4668-BE54-9A1E7A4F7556}") = "Streamberry.WebAPI", "Streamberry.WebAPI\Streamberry.WebAPI.csproj", "{FF8740E7-8C94-4499-A6DB-33F18C6A58DF}"
EndProject
Project("{9A19103F-16F7-4668-BE54-9A1E7A4F7556}") = "Streamberry.Domain", "Streamberry.Domain\Streamberry.Domain.csproj", "{4B1A3AA5-E13E-4D68-8EC3-F488B85C14F5}"
EndProject
Project("{9A19103F-16F7-4668-BE54-9A1E7A4F7556}") = "Streamberry.Infra.Data", "Streamberry.Infra.Data\Streamberry.Infra.Data.csproj", "{E2BA375C-D29C-4132-BC3C-7842EFBF2D8A}"
EndProject
Project("{9A19103F-16F7-4668-BE54-9A1E7A4F7556}") = "Streamberry.Application", "Streamberry.Application\Streamberry.Application.csproj", "{185F2ABC-3205-4E90-AB18-63C18DE80470}"
EndProject
Project("{9A19103F-16F7-4668-BE54-9A1E7A4F7556}") = "Streamberry.Interfaces", "Streamberry.Interfaces\Streamberry.Interfaces.csproj", "{7F482F53-5D9F-4AE3-BE13-9F8CB71FB0F8}"
EndProject
Project("{2150E333-8FDC-42A3-9474-1A3956D46DE8}") = "src", "src", "{9D883E27-7918-4BF2-A19C-1A63C64BC93D}"
EndProject
Project("{2150E333-8FDC-42A3-9474-1A3956D46DE8}") = "Misc", "Misc", "{A768EE7E-E820-412A-8011-2C3DF42D909F}"
	ProjectSection(SolutionItems) = preProject
		Create_Tables.sql = Create_Tables.sql
		Streamberry.sqlite3 = Streamberry.sqlite3
		Insert_Samples.sql = Insert_Samples.sql
	EndProjectSection
EndProject
Global
	GlobalSection(SolutionConfigurationPlatforms) = preSolution
		Debug|Any CPU = Debug|Any CPU
		Release|Any CPU = Release|Any CPU
	EndGlobalSection
	GlobalSection(ProjectConfigurationPlatforms) = postSolution
		{FF8740E7-8C94-4499-A6DB-33F18C6A58DF}.Debug|Any CPU.ActiveCfg = Debug|Any CPU
		{FF8740E7-8C94-4499-A6DB-33F18C6A58DF}.Debug|Any CPU.Build.0 = Debug|Any CPU
		{FF8740E7-8C94-4499-A6DB-33F18C6A58DF}.Release|Any CPU.ActiveCfg = Release|Any CPU
		{FF8740E7-8C94-4499-A6DB-33F18C6A58DF}.Release|Any CPU.Build.0 = Release|Any CPU
		{4B1A3AA5-E13E-4D68-8EC3-F488B85C14F5}.Debug|Any CPU.ActiveCfg = Debug|Any CPU
		{4B1A3AA5-E13E-4D68-8EC3-F488B85C14F5}.Debug|Any CPU.Build.0 = Debug|Any CPU
		{4B1A3AA5-E13E-4D68-8EC3-F488B85C14F5}.Release|Any CPU.ActiveCfg = Release|Any CPU
		{4B1A3AA5-E13E-4D68-8EC3-F488B85C14F5}.Release|Any CPU.Build.0 = Release|Any CPU
		{E2BA375C-D29C-4132-BC3C-7842EFBF2D8A}.Debug|Any CPU.ActiveCfg = Debug|Any CPU
		{E2BA375C-D29C-4132-BC3C-7842EFBF2D8A}.Debug|Any CPU.Build.0 = Debug|Any CPU
		{E2BA375C-D29C-4132-BC3C-7842EFBF2D8A}.Release|Any CPU.ActiveCfg = Release|Any CPU
		{E2BA375C-D29C-4132-BC3C-7842EFBF2D8A}.Release|Any CPU.Build.0 = Release|Any CPU
		{185F2ABC-3205-4E90-AB18-63C18DE80470}.Debug|Any CPU.ActiveCfg = Debug|Any CPU
		{185F2ABC-3205-4E90-AB18-63C18DE80470}.Debug|Any CPU.Build.0 = Debug|Any CPU
		{185F2ABC-3205-4E90-AB18-63C18DE80470}.Release|Any CPU.ActiveCfg = Release|Any CPU
		{185F2ABC-3205-4E90-AB18-63C18DE80470}.Release|Any CPU.Build.0 = Release|Any CPU
		{7F482F53-5D9F-4AE3-BE13-9F8CB71FB0F8}.Debug|Any CPU.ActiveCfg = Debug|Any CPU
		{7F482F53-5D9F-4AE3-BE13-9F8CB71FB0F8}.Debug|Any CPU.Build.0 = Debug|Any CPU
		{7F482F53-5D9F-4AE3-BE13-9F8CB71FB0F8}.Release|Any CPU.ActiveCfg = Release|Any CPU
		{7F482F53-5D9F-4AE3-BE13-9F8CB71FB0F8}.Release|Any CPU.Build.0 = Release|Any CPU
	EndGlobalSection
	GlobalSection(SolutionProperties) = preSolution
		HideSolutionNode = FALSE
	EndGlobalSection
	GlobalSection(NestedProjects) = preSolution
		{FF8740E7-8C94-4499-A6DB-33F18C6A58DF} = {9D883E27-7918-4BF2-A19C-1A63C64BC93D}
		{4B1A3AA5-E13E-4D68-8EC3-F488B85C14F5} = {9D883E27-7918-4BF2-A19C-1A63C64BC93D}
		{E2BA375C-D29C-4132-BC3C-7842EFBF2D8A} = {9D883E27-7918-4BF2-A19C-1A63C64BC93D}
		{185F2ABC-3205-4E90-AB18-63C18DE80470} = {9D883E27-7918-4BF2-A19C-1A63C64BC93D}
		{7F482F53-5D9F-4AE3-BE13-9F8CB71FB0F8} = {9D883E27-7918-4BF2-A19C-1A63C64BC93D}
	EndGlobalSection
	GlobalSection(ExtensibilityGlobals) = postSolution
		SolutionGuid = {B6E55B51-6D05-4C99-8C1B-5D6FF7DB2627}
	EndGlobalSection
EndGlobal
